
Microsoft Visual Studio Solution File, Format Version 12.00
# Visual Studio 15
VisualStudioVersion = 15.0.28307.1433
MinimumVisualStudioVersion = 10.0.40219.1
Project("{8BC9CEB8-8B4A-11D0-8D11-00A0C91BC942}") = "Project1", "Project1\Project1.vcxproj", "{DF1B9506-15EE-4550-A65C-768C04418174}"
EndProject
Project("{8BC9CEB8-8B4A-11D0-8D11-00A0C91BC942}") = "test2.c", "test2.c\test2.c.vcxproj", "{3614BB76-CCF9-456C-B564-50DD53C23EE6}"
EndProject
Project("{8BC9CEB8-8B4A-11D0-8D11-00A0C91BC942}") = "Project2", "Project2\Project2.vcxproj", "{7E3A5AE6-7E8E-437C-A191-069B1A287834}"
EndProject
Global
	GlobalSection(SolutionConfigurationPlatforms) = preSolution
		Debug|x64 = Debug|x64
		Debug|x86 = Debug|x86
		Release|x64 = Release|x64
		Release|x86 = Release|x86
	EndGlobalSection
	GlobalSection(ProjectConfigurationPlatforms) = postSolution
		{DF1B9506-15EE-4550-A65C-768C04418174}.Debug|x64.ActiveCfg = Debug|x64
		{DF1B9506-15EE-4550-A65C-768C04418174}.Debug|x64.Build.0 = Debug|x64
		{DF1B9506-15EE-4550-A65C-768C04418174}.Debug|x86.ActiveCfg = Debug|Win32
		{DF1B9506-15EE-4550-A65C-768C04418174}.Debug|x86.Build.0 = Debug|Win32
		{DF1B9506-15EE-4550-A65C-768C04418174}.Release|x64.ActiveCfg = Release|x64
		{DF1B9506-15EE-4550-A65C-768C04418174}.Release|x64.Build.0 = Release|x64
		{DF1B9506-15EE-4550-A65C-768C04418174}.Release|x86.ActiveCfg = Release|Win32
		{DF1B9506-15EE-4550-A65C-768C04418174}.Release|x86.Build.0 = Release|Win32
		{3614BB76-CCF9-456C-B564-50DD53C23EE6}.Debug|x64.ActiveCfg = Debug|x64
		{3614BB76-CCF9-456C-B564-50DD53C23EE6}.Debug|x64.Build.0 = Debug|x64
		{3614BB76-CCF9-456C-B564-50DD53C23EE6}.Debug|x86.ActiveCfg = Debug|Win32
		{3614BB76-CCF9-456C-B564-50DD53C23EE6}.Debug|x86.Build.0 = Debug|Win32
		{3614BB76-CCF9-456C-B564-50DD53C23EE6}.Release|x64.ActiveCfg = Release|x64
		{3614BB76-CCF9-456C-B564-50DD53C23EE6}.Release|x64.Build.0 = Release|x64
		{3614BB76-CCF9-456C-B564-50DD53C23EE6}.Release|x86.ActiveCfg = Release|Win32
		{3614BB76-CCF9-456C-B564-50DD53C23EE6}.Release|x86.Build.0 = Release|Win32
		{7E3A5AE6-7E8E-437C-A191-069B1A287834}.Debug|x64.ActiveCfg = Debug|x64
		{7E3A5AE6-7E8E-437C-A191-069B1A287834}.Debug|x64.Build.0 = Debug|x64
		{7E3A5AE6-7E8E-437C-A191-069B1A287834}.Debug|x86.ActiveCfg = Debug|Win32
		{7E3A5AE6-7E8E-437C-A191-069B1A287834}.Debug|x86.Build.0 = Debug|Win32
		{7E3A5AE6-7E8E-437C-A191-069B1A287834}.Release|x64.ActiveCfg = Release|x64
		{7E3A5AE6-7E8E-437C-A191-069B1A287834}.Release|x64.Build.0 = Release|x64
		{7E3A5AE6-7E8E-437C-A191-069B1A287834}.Release|x86.ActiveCfg = Release|Win32
		{7E3A5AE6-7E8E-437C-A191-069B1A287834}.Release|x86.Build.0 = Release|Win32
	EndGlobalSection
	GlobalSection(SolutionProperties) = preSolution
		HideSolutionNode = FALSE
	EndGlobalSection
	GlobalSection(ExtensibilityGlobals) = postSolution
		SolutionGuid = {24D0D7EC-186E-4C6B-A745-F872AFC47103}
	EndGlobalSection
EndGlobal
