
Microsoft Visual Studio Solution File, Format Version 12.00
# Visual Studio 15
VisualStudioVersion = 15.0.28307.1433
MinimumVisualStudioVersion = 10.0.40219.1
Project("{8BC9CEB8-8B4A-11D0-8D11-00A0C91BC942}") = "Project2", "Project2\Project2.vcxproj", "{010B0E51-6F23-465B-88E5-29ACC731BDBF}"
EndProject
Project("{8BC9CEB8-8B4A-11D0-8D11-00A0C91BC942}") = "Project1", "Project1\Project1.vcxproj", "{519EE3B7-019C-46AF-AD42-464B51AEFDCD}"
EndProject
Global
	GlobalSection(SolutionConfigurationPlatforms) = preSolution
		Debug|x64 = Debug|x64
		Debug|x86 = Debug|x86
		Release|x64 = Release|x64
		Release|x86 = Release|x86
	EndGlobalSection
	GlobalSection(ProjectConfigurationPlatforms) = postSolution
		{010B0E51-6F23-465B-88E5-29ACC731BDBF}.Debug|x64.ActiveCfg = Debug|x64
		{010B0E51-6F23-465B-88E5-29ACC731BDBF}.Debug|x64.Build.0 = Debug|x64
		{010B0E51-6F23-465B-88E5-29ACC731BDBF}.Debug|x86.ActiveCfg = Debug|Win32
		{010B0E51-6F23-465B-88E5-29ACC731BDBF}.Debug|x86.Build.0 = Debug|Win32
		{010B0E51-6F23-465B-88E5-29ACC731BDBF}.Release|x64.ActiveCfg = Release|x64
		{010B0E51-6F23-465B-88E5-29ACC731BDBF}.Release|x64.Build.0 = Release|x64
		{010B0E51-6F23-465B-88E5-29ACC731BDBF}.Release|x86.ActiveCfg = Release|Win32
		{010B0E51-6F23-465B-88E5-29ACC731BDBF}.Release|x86.Build.0 = Release|Win32
		{519EE3B7-019C-46AF-AD42-464B51AEFDCD}.Debug|x64.ActiveCfg = Debug|x64
		{519EE3B7-019C-46AF-AD42-464B51AEFDCD}.Debug|x64.Build.0 = Debug|x64
		{519EE3B7-019C-46AF-AD42-464B51AEFDCD}.Debug|x86.ActiveCfg = Debug|Win32
		{519EE3B7-019C-46AF-AD42-464B51AEFDCD}.Debug|x86.Build.0 = Debug|Win32
		{519EE3B7-019C-46AF-AD42-464B51AEFDCD}.Release|x64.ActiveCfg = Release|x64
		{519EE3B7-019C-46AF-AD42-464B51AEFDCD}.Release|x64.Build.0 = Release|x64
		{519EE3B7-019C-46AF-AD42-464B51AEFDCD}.Release|x86.ActiveCfg = Release|Win32
		{519EE3B7-019C-46AF-AD42-464B51AEFDCD}.Release|x86.Build.0 = Release|Win32
	EndGlobalSection
	GlobalSection(SolutionProperties) = preSolution
		HideSolutionNode = FALSE
	EndGlobalSection
	GlobalSection(ExtensibilityGlobals) = postSolution
		SolutionGuid = {B8B6EF3E-7289-4FA4-BF60-4A4668F7FF98}
	EndGlobalSection
EndGlobal
